
Microsoft Visual Studio Solution File, Format Version 12.00
# Visual Studio 15
VisualStudioVersion = 15.0.28307.271
MinimumVisualStudioVersion = 10.0.40219.1
Project("{FAE04EC0-301F-11D3-BF4B-00C04F79EFBC}") = "MakingDiscordGreater", "MakingDiscordGreater\MakingDiscordGreater.csproj", "{C5A49E05-A3CD-4166-98EF-E8B460FA9FDE}"
EndProject
Project("{FAE04EC0-301F-11D3-BF4B-00C04F79EFBC}") = "DiscordRPC", "..\discord-rpc-csharp\DiscordRPC\DiscordRPC.csproj", "{819D20D6-8D88-45C1-A4D2-AA21F10ABD19}"
EndProject
Global
	GlobalSection(SolutionConfigurationPlatforms) = preSolution
		Debug|Any CPU = Debug|Any CPU
		Debug|x64 = Debug|x64
		Debug|x86 = Debug|x86
		Rel|Any CPU = Rel|Any CPU
		Rel|x64 = Rel|x64
		Rel|x86 = Rel|x86
		Release|Any CPU = Release|Any CPU
		Release|x64 = Release|x64
		Release|x86 = Release|x86
	EndGlobalSection
	GlobalSection(ProjectConfigurationPlatforms) = postSolution
		{C5A49E05-A3CD-4166-98EF-E8B460FA9FDE}.Debug|Any CPU.ActiveCfg = Debug|Any CPU
		{C5A49E05-A3CD-4166-98EF-E8B460FA9FDE}.Debug|Any CPU.Build.0 = Debug|Any CPU
		{C5A49E05-A3CD-4166-98EF-E8B460FA9FDE}.Debug|x64.ActiveCfg = Debug|Any CPU
		{C5A49E05-A3CD-4166-98EF-E8B460FA9FDE}.Debug|x64.Build.0 = Debug|Any CPU
		{C5A49E05-A3CD-4166-98EF-E8B460FA9FDE}.Debug|x86.ActiveCfg = Debug|Any CPU
		{C5A49E05-A3CD-4166-98EF-E8B460FA9FDE}.Debug|x86.Build.0 = Debug|Any CPU
		{C5A49E05-A3CD-4166-98EF-E8B460FA9FDE}.Rel|Any CPU.ActiveCfg = Rel|Any CPU
		{C5A49E05-A3CD-4166-98EF-E8B460FA9FDE}.Rel|Any CPU.Build.0 = Rel|Any CPU
		{C5A49E05-A3CD-4166-98EF-E8B460FA9FDE}.Rel|x64.ActiveCfg = Rel|Any CPU
		{C5A49E05-A3CD-4166-98EF-E8B460FA9FDE}.Rel|x64.Build.0 = Rel|Any CPU
		{C5A49E05-A3CD-4166-98EF-E8B460FA9FDE}.Rel|x86.ActiveCfg = Rel|Any CPU
		{C5A49E05-A3CD-4166-98EF-E8B460FA9FDE}.Rel|x86.Build.0 = Rel|Any CPU
		{C5A49E05-A3CD-4166-98EF-E8B460FA9FDE}.Release|Any CPU.ActiveCfg = Release|Any CPU
		{C5A49E05-A3CD-4166-98EF-E8B460FA9FDE}.Release|Any CPU.Build.0 = Release|Any CPU
		{C5A49E05-A3CD-4166-98EF-E8B460FA9FDE}.Release|x64.ActiveCfg = Release|Any CPU
		{C5A49E05-A3CD-4166-98EF-E8B460FA9FDE}.Release|x64.Build.0 = Release|Any CPU
		{C5A49E05-A3CD-4166-98EF-E8B460FA9FDE}.Release|x86.ActiveCfg = Release|Any CPU
		{C5A49E05-A3CD-4166-98EF-E8B460FA9FDE}.Release|x86.Build.0 = Release|Any CPU
		{819D20D6-8D88-45C1-A4D2-AA21F10ABD19}.Debug|Any CPU.ActiveCfg = Debug|Any CPU
		{819D20D6-8D88-45C1-A4D2-AA21F10ABD19}.Debug|Any CPU.Build.0 = Debug|Any CPU
		{819D20D6-8D88-45C1-A4D2-AA21F10ABD19}.Debug|x64.ActiveCfg = Debug|x64
		{819D20D6-8D88-45C1-A4D2-AA21F10ABD19}.Debug|x64.Build.0 = Debug|x64
		{819D20D6-8D88-45C1-A4D2-AA21F10ABD19}.Debug|x86.ActiveCfg = Debug|x86
		{819D20D6-8D88-45C1-A4D2-AA21F10ABD19}.Debug|x86.Build.0 = Debug|x86
		{819D20D6-8D88-45C1-A4D2-AA21F10ABD19}.Rel|Any CPU.ActiveCfg = Release|Any CPU
		{819D20D6-8D88-45C1-A4D2-AA21F10ABD19}.Rel|Any CPU.Build.0 = Release|Any CPU
		{819D20D6-8D88-45C1-A4D2-AA21F10ABD19}.Rel|x64.ActiveCfg = Release|x64
		{819D20D6-8D88-45C1-A4D2-AA21F10ABD19}.Rel|x64.Build.0 = Release|x64
		{819D20D6-8D88-45C1-A4D2-AA21F10ABD19}.Rel|x86.ActiveCfg = Release|x86
		{819D20D6-8D88-45C1-A4D2-AA21F10ABD19}.Rel|x86.Build.0 = Release|x86
		{819D20D6-8D88-45C1-A4D2-AA21F10ABD19}.Release|Any CPU.ActiveCfg = Release|Any CPU
		{819D20D6-8D88-45C1-A4D2-AA21F10ABD19}.Release|Any CPU.Build.0 = Release|Any CPU
		{819D20D6-8D88-45C1-A4D2-AA21F10ABD19}.Release|x64.ActiveCfg = Release|x64
		{819D20D6-8D88-45C1-A4D2-AA21F10ABD19}.Release|x64.Build.0 = Release|x64
		{819D20D6-8D88-45C1-A4D2-AA21F10ABD19}.Release|x86.ActiveCfg = Release|x86
		{819D20D6-8D88-45C1-A4D2-AA21F10ABD19}.Release|x86.Build.0 = Release|x86
	EndGlobalSection
	GlobalSection(SolutionProperties) = preSolution
		HideSolutionNode = FALSE
	EndGlobalSection
	GlobalSection(ExtensibilityGlobals) = postSolution
		SolutionGuid = {53D86D14-697B-4386-A2E4-52B389BC5549}
	EndGlobalSection
EndGlobal
